
Microsoft Visual Studio Solution File, Format Version 12.00
# Visual Studio Version 17
VisualStudioVersion = 17.10.35122.118
MinimumVisualStudioVersion = 10.0.40219.1
Project("{FAE04EC0-301F-11D3-BF4B-00C04F79EFBC}") = "OnlineStore.Server", "OnlineStore.Server\OnlineStore.Server.csproj", "{A0ADDD5A-4060-4A6F-8E48-B5E1694E7C27}"
EndProject
Project("{54A90642-561A-4BB1-A94E-469ADEE60C69}") = "onlinestore.client", "onlinestore.client\onlinestore.client.esproj", "{3317B151-E812-4C20-AF6F-07B52EEE32FE}"
EndProject
Global
	GlobalSection(SolutionConfigurationPlatforms) = preSolution
		Debug|Any CPU = Debug|Any CPU
		Release|Any CPU = Release|Any CPU
	EndGlobalSection
	GlobalSection(ProjectConfigurationPlatforms) = postSolution
		{A0ADDD5A-4060-4A6F-8E48-B5E1694E7C27}.Debug|Any CPU.ActiveCfg = Debug|Any CPU
		{A0ADDD5A-4060-4A6F-8E48-B5E1694E7C27}.Debug|Any CPU.Build.0 = Debug|Any CPU
		{A0ADDD5A-4060-4A6F-8E48-B5E1694E7C27}.Release|Any CPU.ActiveCfg = Release|Any CPU
		{A0ADDD5A-4060-4A6F-8E48-B5E1694E7C27}.Release|Any CPU.Build.0 = Release|Any CPU
		{3317B151-E812-4C20-AF6F-07B52EEE32FE}.Debug|Any CPU.ActiveCfg = Debug|Any CPU
		{3317B151-E812-4C20-AF6F-07B52EEE32FE}.Debug|Any CPU.Build.0 = Debug|Any CPU
		{3317B151-E812-4C20-AF6F-07B52EEE32FE}.Debug|Any CPU.Deploy.0 = Debug|Any CPU
		{3317B151-E812-4C20-AF6F-07B52EEE32FE}.Release|Any CPU.ActiveCfg = Release|Any CPU
		{3317B151-E812-4C20-AF6F-07B52EEE32FE}.Release|Any CPU.Build.0 = Release|Any CPU
		{3317B151-E812-4C20-AF6F-07B52EEE32FE}.Release|Any CPU.Deploy.0 = Release|Any CPU
	EndGlobalSection
	GlobalSection(SolutionProperties) = preSolution
		HideSolutionNode = FALSE
	EndGlobalSection
	GlobalSection(ExtensibilityGlobals) = postSolution
		SolutionGuid = {5979F6FF-A78C-4655-8308-AE3A89EDFDD9}
	EndGlobalSection
EndGlobal
